
Microsoft Visual Studio Solution File, Format Version 12.00
# Visual Studio 2013
VisualStudioVersion = 12.0.21005.1
MinimumVisualStudioVersion = 10.0.40219.1
Project("{159641D6-6404-4A2A-AE62-294DE0FE8301}") = "SSIS_Task4_DataConversion_FlatFile", "SSIS_Task4_DataConversion_FlatFile\SSIS_Task4_DataConversion_FlatFile.dtproj", "{58BB1B53-D8BA-4CF7-8CD0-284382122BF2}"
EndProject
Global
	GlobalSection(SolutionConfigurationPlatforms) = preSolution
		Development|Default = Development|Default
	EndGlobalSection
	GlobalSection(ProjectConfigurationPlatforms) = postSolution
		{58BB1B53-D8BA-4CF7-8CD0-284382122BF2}.Development|Default.ActiveCfg = Development
		{58BB1B53-D8BA-4CF7-8CD0-284382122BF2}.Development|Default.Build.0 = Development
	EndGlobalSection
	GlobalSection(SolutionProperties) = preSolution
		HideSolutionNode = FALSE
	EndGlobalSection
EndGlobal
